
Microsoft Visual Studio Solution File, Format Version 12.00
# Visual Studio Version 16
VisualStudioVersion = 16.0.29519.181
MinimumVisualStudioVersion = 10.0.40219.1
Project("{FAE04EC0-301F-11D3-BF4B-00C04F79EFBC}") = "FirstConsoleApplication", "FirstConsoleApplication\FirstConsoleApplication.csproj", "{FBA998D7-161D-4177-B518-D1BB69D01416}"
EndProject
Global
	GlobalSection(SolutionConfigurationPlatforms) = preSolution
		Debug|Any CPU = Debug|Any CPU
		Release|Any CPU = Release|Any CPU
	EndGlobalSection
	GlobalSection(ProjectConfigurationPlatforms) = postSolution
		{FBA998D7-161D-4177-B518-D1BB69D01416}.Debug|Any CPU.ActiveCfg = Debug|Any CPU
		{FBA998D7-161D-4177-B518-D1BB69D01416}.Debug|Any CPU.Build.0 = Debug|Any CPU
		{FBA998D7-161D-4177-B518-D1BB69D01416}.Release|Any CPU.ActiveCfg = Release|Any CPU
		{FBA998D7-161D-4177-B518-D1BB69D01416}.Release|Any CPU.Build.0 = Release|Any CPU
	EndGlobalSection
	GlobalSection(SolutionProperties) = preSolution
		HideSolutionNode = FALSE
	EndGlobalSection
	GlobalSection(ExtensibilityGlobals) = postSolution
		SolutionGuid = {BF4C8093-2D8A-4779-8309-69B6DF1090E4}
	EndGlobalSection
EndGlobal
